{
  "version": "4",
  "remote": {
    "https://deno.land/std@0.81.0/_util/assert.ts": "e1f76e77c5ccb5a8e0dbbbe6cce3a56d2556c8cb5a9a8802fc9565af72462149",
    "https://deno.land/std@0.81.0/bytes/mod.ts": "e4f91c6473fe13e3cf1a23649137f87f49135c10bc08fc0f83382a0fb0b03744",
    "https://deno.land/std@0.81.0/encoding/utf8.ts": "1b7e77db9a12363c67872f8a208886ca1329f160c1ca9133b13d2ed399688b99",
    "https://deno.land/std@0.81.0/io/bufio.ts": "3cbbe1f761c1c636d1e7128ed4e7fdca6bf21d9199aa3cae71e69972a6ae8f93",
    "https://deno.land/std@0.81.0/textproto/mod.ts": "4c378eda3cb6216608bb4c3a34201761c65f6980c4669455ca224c330cd5b790",
    "https://deno.land/x/smtp@v0.7.0/code.ts": "f388fae4995b4d35d99fb6b8bfded522f5a3e7e7d63babdf318a059d6db43baf",
    "https://deno.land/x/smtp@v0.7.0/config.ts": "683a6fa684e5ef3705e809b203abea7804a90afde7b534d66c182ea3d17902d3",
    "https://deno.land/x/smtp@v0.7.0/deps.ts": "5e2a437e3ae35f0e83719fd2e707858dcb750c1111ff5bebc729522a1380b53d",
    "https://deno.land/x/smtp@v0.7.0/mod.ts": "9b0d8fbdacc184d1af10f727980e51486e0ddf9d2ec7227c8dfce90db5bfbcf5",
    "https://deno.land/x/smtp@v0.7.0/smtp.ts": "47c72a99925ad07f3174037f9325dbb8b703dc1177277b9161dc6209c7fa4f90"
  },
  "workspace": {
    "packageJson": {
      "dependencies": [
        "npm:@eslint/eslintrc@3",
        "npm:@fullcalendar/core@^6.1.15",
        "npm:@fullcalendar/daygrid@^6.1.15",
        "npm:@fullcalendar/interaction@^6.1.15",
        "npm:@fullcalendar/react@^6.1.15",
        "npm:@fullcalendar/timegrid@^6.1.15",
        "npm:@shadcn/ui@^0.0.4",
        "npm:@supabase/ssr@~0.5.2",
        "npm:@supabase/supabase-js@^2.48.1",
        "npm:@types/lodash@^4.17.15",
        "npm:@types/node@20",
        "npm:@types/nodemailer@^6.4.17",
        "npm:@types/react-dom@19",
        "npm:@types/react@19",
        "npm:eslint-config-next@15.1.6",
        "npm:eslint@9",
        "npm:lucide-react@0.475",
        "npm:next@15.1.6",
        "npm:nodemailer@^6.10.0",
        "npm:postcss@8",
        "npm:react-dom@19",
        "npm:react@19",
        "npm:shadcn-ui@~0.9.4",
        "npm:tailwindcss@^3.4.1",
        "npm:typescript@5",
        "npm:xlsx@~0.18.5"
      ]
    }
  }
}
